// !$*UTF8*$!
{
	archiveVersion = 1;
	classes = {
	};
	objectVersion = 50;
	objects = {

/* Begin PBXBuildFile section */
		6C2C9F4026A0A314007B6BCF /* AppDelegate.m in Sources */ = {isa = PBXBuildFile; fileRef = 6C2C9F3F26A0A314007B6BCF /* AppDelegate.m */; };
		6C2C9F4926A0A314007B6BCF /* Main.storyboard in Resources */ = {isa = PBXBuildFile; fileRef = 6C2C9F4726A0A314007B6BCF /* Main.storyboard */; };
		6C2C9F4B26A0A31A007B6BCF /* Assets.xcassets in Resources */ = {isa = PBXBuildFile; fileRef = 6C2C9F4A26A0A31A007B6BCF /* Assets.xcassets */; };
		6C2C9F4E26A0A31A007B6BCF /* LaunchScreen.storyboard in Resources */ = {isa = PBXBuildFile; fileRef = 6C2C9F4C26A0A31A007B6BCF /* LaunchScreen.storyboard */; };
		6C2C9F5126A0A31A007B6BCF /* main.m in Sources */ = {isa = PBXBuildFile; fileRef = 6C2C9F5026A0A31A007B6BCF /* main.m */; };
		6C2C9F5A26A0B168007B6BCF /* DrawingVC.swift in Sources */ = {isa = PBXBuildFile; fileRef = 6C2C9F5926A0B168007B6BCF /* DrawingVC.swift */; };
		6C2C9F5D26A0B2F2007B6BCF /* NavigationController.m in Sources */ = {isa = PBXBuildFile; fileRef = 6C2C9F5C26A0B2F2007B6BCF /* NavigationController.m */; };
		6C2C9F6026A0B634007B6BCF /* ArtistViewController.m in Sources */ = {isa = PBXBuildFile; fileRef = 6C2C9F5F26A0B634007B6BCF /* ArtistViewController.m */; };
		6C2C9F8826A0D978007B6BCF /* Montserrat-Medium.ttf in Resources */ = {isa = PBXBuildFile; fileRef = 6C2C9F8626A0D978007B6BCF /* Montserrat-Medium.ttf */; };
		6C2C9F8926A0D978007B6BCF /* Montserrat-Regular.ttf in Resources */ = {isa = PBXBuildFile; fileRef = 6C2C9F8726A0D978007B6BCF /* Montserrat-Regular.ttf */; };
		6CB788BF26A1B97100179DB6 /* CanvasView.m in Sources */ = {isa = PBXBuildFile; fileRef = 6CB788BE26A1B97100179DB6 /* CanvasView.m */; };
		6CB788EA26A1CAA400179DB6 /* UIBezierPath+DrawingStuff.m in Sources */ = {isa = PBXBuildFile; fileRef = 6CB788E926A1CAA400179DB6 /* UIBezierPath+DrawingStuff.m */; };
		6CB7890D26A1F85500179DB6 /* PaletteView.m in Sources */ = {isa = PBXBuildFile; fileRef = 6CB7890C26A1F85500179DB6 /* PaletteView.m */; };
		6CB7891226A3088C00179DB6 /* MyButton.m in Sources */ = {isa = PBXBuildFile; fileRef = 6CB7891126A3088C00179DB6 /* MyButton.m */; };
		6CB7891726A3335100179DB6 /* ButtonPalette.m in Sources */ = {isa = PBXBuildFile; fileRef = 6CB7891626A3335100179DB6 /* ButtonPalette.m */; };
		6CD354F626A4100100F78A8C /* TimerView.swift in Sources */ = {isa = PBXBuildFile; fileRef = 6CD354F526A4100100F78A8C /* TimerView.swift */; };
		6CD354FD26A467B500F78A8C /* MySlider.swift in Sources */ = {isa = PBXBuildFile; fileRef = 6CD354FC26A467B500F78A8C /* MySlider.swift */; };
		6CD354FF26A4693F00F78A8C /* LabelTimerView.swift in Sources */ = {isa = PBXBuildFile; fileRef = 6CD354FE26A4693F00F78A8C /* LabelTimerView.swift */; };
/* End PBXBuildFile section */

/* Begin PBXFileReference section */
		6C2C9F3B26A0A313007B6BCF /* RSSchool_T8.app */ = {isa = PBXFileReference; explicitFileType = wrapper.application; includeInIndex = 0; path = RSSchool_T8.app; sourceTree = BUILT_PRODUCTS_DIR; };
		6C2C9F3E26A0A314007B6BCF /* AppDelegate.h */ = {isa = PBXFileReference; lastKnownFileType = sourcecode.c.h; path = AppDelegate.h; sourceTree = "<group>"; };
		6C2C9F3F26A0A314007B6BCF /* AppDelegate.m */ = {isa = PBXFileReference; lastKnownFileType = sourcecode.c.objc; path = AppDelegate.m; sourceTree = "<group>"; };
		6C2C9F4826A0A314007B6BCF /* Base */ = {isa = PBXFileReference; lastKnownFileType = file.storyboard; name = Base; path = Base.lproj/Main.storyboard; sourceTree = "<group>"; };
		6C2C9F4A26A0A31A007B6BCF /* Assets.xcassets */ = {isa = PBXFileReference; lastKnownFileType = folder.assetcatalog; path = Assets.xcassets; sourceTree = "<group>"; };
		6C2C9F4D26A0A31A007B6BCF /* Base */ = {isa = PBXFileReference; lastKnownFileType = file.storyboard; name = Base; path = Base.lproj/LaunchScreen.storyboard; sourceTree = "<group>"; };
		6C2C9F4F26A0A31A007B6BCF /* Info.plist */ = {isa = PBXFileReference; lastKnownFileType = text.plist.xml; path = Info.plist; sourceTree = "<group>"; };
		6C2C9F5026A0A31A007B6BCF /* main.m */ = {isa = PBXFileReference; lastKnownFileType = sourcecode.c.objc; path = main.m; sourceTree = "<group>"; };
		6C2C9F5826A0B167007B6BCF /* RSSchool_T8-Bridging-Header.h */ = {isa = PBXFileReference; lastKnownFileType = sourcecode.c.h; path = "RSSchool_T8-Bridging-Header.h"; sourceTree = "<group>"; };
		6C2C9F5926A0B168007B6BCF /* DrawingVC.swift */ = {isa = PBXFileReference; lastKnownFileType = sourcecode.swift; path = DrawingVC.swift; sourceTree = "<group>"; };
		6C2C9F5B26A0B2F2007B6BCF /* NavigationController.h */ = {isa = PBXFileReference; lastKnownFileType = sourcecode.c.h; path = NavigationController.h; sourceTree = "<group>"; };
		6C2C9F5C26A0B2F2007B6BCF /* NavigationController.m */ = {isa = PBXFileReference; lastKnownFileType = sourcecode.c.objc; path = NavigationController.m; sourceTree = "<group>"; };
		6C2C9F5E26A0B634007B6BCF /* ArtistViewController.h */ = {isa = PBXFileReference; lastKnownFileType = sourcecode.c.h; path = ArtistViewController.h; sourceTree = "<group>"; };
		6C2C9F5F26A0B634007B6BCF /* ArtistViewController.m */ = {isa = PBXFileReference; lastKnownFileType = sourcecode.c.objc; path = ArtistViewController.m; sourceTree = "<group>"; };
		6C2C9F8626A0D978007B6BCF /* Montserrat-Medium.ttf */ = {isa = PBXFileReference; lastKnownFileType = file; path = "Montserrat-Medium.ttf"; sourceTree = "<group>"; };
		6C2C9F8726A0D978007B6BCF /* Montserrat-Regular.ttf */ = {isa = PBXFileReference; lastKnownFileType = file; path = "Montserrat-Regular.ttf"; sourceTree = "<group>"; };
		6CB788BD26A1B97100179DB6 /* CanvasView.h */ = {isa = PBXFileReference; lastKnownFileType = sourcecode.c.h; path = CanvasView.h; sourceTree = "<group>"; };
		6CB788BE26A1B97100179DB6 /* CanvasView.m */ = {isa = PBXFileReference; lastKnownFileType = sourcecode.c.objc; path = CanvasView.m; sourceTree = "<group>"; };
		6CB788E826A1CAA400179DB6 /* UIBezierPath+DrawingStuff.h */ = {isa = PBXFileReference; lastKnownFileType = sourcecode.c.h; path = "UIBezierPath+DrawingStuff.h"; sourceTree = "<group>"; };
		6CB788E926A1CAA400179DB6 /* UIBezierPath+DrawingStuff.m */ = {isa = PBXFileReference; lastKnownFileType = sourcecode.c.objc; path = "UIBezierPath+DrawingStuff.m"; sourceTree = "<group>"; };
		6CB7890B26A1F85500179DB6 /* PaletteView.h */ = {isa = PBXFileReference; lastKnownFileType = sourcecode.c.h; path = PaletteView.h; sourceTree = "<group>"; };
		6CB7890C26A1F85500179DB6 /* PaletteView.m */ = {isa = PBXFileReference; lastKnownFileType = sourcecode.c.objc; path = PaletteView.m; sourceTree = "<group>"; };
		6CB7891026A3088C00179DB6 /* MyButton.h */ = {isa = PBXFileReference; lastKnownFileType = sourcecode.c.h; path = MyButton.h; sourceTree = "<group>"; };
		6CB7891126A3088C00179DB6 /* MyButton.m */ = {isa = PBXFileReference; lastKnownFileType = sourcecode.c.objc; path = MyButton.m; sourceTree = "<group>"; };
		6CB7891526A3335100179DB6 /* ButtonPalette.h */ = {isa = PBXFileReference; lastKnownFileType = sourcecode.c.h; path = ButtonPalette.h; sourceTree = "<group>"; };
		6CB7891626A3335100179DB6 /* ButtonPalette.m */ = {isa = PBXFileReference; lastKnownFileType = sourcecode.c.objc; path = ButtonPalette.m; sourceTree = "<group>"; };
		6CD354F526A4100100F78A8C /* TimerView.swift */ = {isa = PBXFileReference; lastKnownFileType = sourcecode.swift; path = TimerView.swift; sourceTree = "<group>"; };
		6CD354FC26A467B500F78A8C /* MySlider.swift */ = {isa = PBXFileReference; lastKnownFileType = sourcecode.swift; path = MySlider.swift; sourceTree = "<group>"; };
		6CD354FE26A4693F00F78A8C /* LabelTimerView.swift */ = {isa = PBXFileReference; lastKnownFileType = sourcecode.swift; path = LabelTimerView.swift; sourceTree = "<group>"; };
/* End PBXFileReference section */

/* Begin PBXFrameworksBuildPhase section */
		6C2C9F3826A0A313007B6BCF /* Frameworks */ = {
			isa = PBXFrameworksBuildPhase;
			buildActionMask = 2147483647;
			files = (
			);
			runOnlyForDeploymentPostprocessing = 0;
		};
/* End PBXFrameworksBuildPhase section */

/* Begin PBXGroup section */
		6C2C9F3226A0A313007B6BCF = {
			isa = PBXGroup;
			children = (
				6C2C9F3D26A0A313007B6BCF /* RSSchool_T8 */,
				6C2C9F3C26A0A313007B6BCF /* Products */,
			);
			sourceTree = "<group>";
		};
		6C2C9F3C26A0A313007B6BCF /* Products */ = {
			isa = PBXGroup;
			children = (
				6C2C9F3B26A0A313007B6BCF /* RSSchool_T8.app */,
			);
			name = Products;
			sourceTree = "<group>";
		};
		6C2C9F3D26A0A313007B6BCF /* RSSchool_T8 */ = {
			isa = PBXGroup;
			children = (
				6C2C9F5726A0A945007B6BCF /* Other */,
				6C2C9F5B26A0B2F2007B6BCF /* NavigationController.h */,
				6C2C9F5C26A0B2F2007B6BCF /* NavigationController.m */,
				6CB7891426A32C6800179DB6 /* ArtistViewController */,
				6CB788FF26A1EC4E00179DB6 /* PaletteView */,
				6CD354F726A4100800F78A8C /* TimerView */,
				6CB7891326A3089700179DB6 /* MyButton */,
				6C2C9F5926A0B168007B6BCF /* DrawingVC.swift */,
				6C2C9F4726A0A314007B6BCF /* Main.storyboard */,
				6CB788BD26A1B97100179DB6 /* CanvasView.h */,
				6CB788BE26A1B97100179DB6 /* CanvasView.m */,
				6CD3550726A599D400F78A8C /* UIBezierPath_DrawingStuff */,
				6C2C9F4F26A0A31A007B6BCF /* Info.plist */,
			);
			path = RSSchool_T8;
			sourceTree = "<group>";
		};
		6C2C9F5726A0A945007B6BCF /* Other */ = {
			isa = PBXGroup;
			children = (
				6C2C9F8A26A0D9C2007B6BCF /* Fonts */,
				6C2C9F5826A0B167007B6BCF /* RSSchool_T8-Bridging-Header.h */,
				6C2C9F4A26A0A31A007B6BCF /* Assets.xcassets */,
				6C2C9F3E26A0A314007B6BCF /* AppDelegate.h */,
				6C2C9F3F26A0A314007B6BCF /* AppDelegate.m */,
				6C2C9F4C26A0A31A007B6BCF /* LaunchScreen.storyboard */,
				6C2C9F5026A0A31A007B6BCF /* main.m */,
			);
			path = Other;
			sourceTree = "<group>";
		};
		6C2C9F8A26A0D9C2007B6BCF /* Fonts */ = {
			isa = PBXGroup;
			children = (
				6C2C9F8626A0D978007B6BCF /* Montserrat-Medium.ttf */,
				6C2C9F8726A0D978007B6BCF /* Montserrat-Regular.ttf */,
			);
			path = Fonts;
			sourceTree = "<group>";
		};
		6CB788FF26A1EC4E00179DB6 /* PaletteView */ = {
			isa = PBXGroup;
			children = (
				6CD354F826A4102600F78A8C /* PaletteView */,
				6CD354F926A4103100F78A8C /* ButtonPalette */,
			);
			path = PaletteView;
			sourceTree = "<group>";
		};
		6CB7891326A3089700179DB6 /* MyButton */ = {
			isa = PBXGroup;
			children = (
				6CB7891026A3088C00179DB6 /* MyButton.h */,
				6CB7891126A3088C00179DB6 /* MyButton.m */,
			);
			path = MyButton;
			sourceTree = "<group>";
		};
		6CB7891426A32C6800179DB6 /* ArtistViewController */ = {
			isa = PBXGroup;
			children = (
				6C2C9F5E26A0B634007B6BCF /* ArtistViewController.h */,
				6C2C9F5F26A0B634007B6BCF /* ArtistViewController.m */,
			);
			path = ArtistViewController;
			sourceTree = "<group>";
		};
		6CD354F726A4100800F78A8C /* TimerView */ = {
			isa = PBXGroup;
			children = (
				6CD354F526A4100100F78A8C /* TimerView.swift */,
				6CD354FC26A467B500F78A8C /* MySlider.swift */,
				6CD354FE26A4693F00F78A8C /* LabelTimerView.swift */,
			);
			path = TimerView;
			sourceTree = "<group>";
		};
		6CD354F826A4102600F78A8C /* PaletteView */ = {
			isa = PBXGroup;
			children = (
				6CB7890B26A1F85500179DB6 /* PaletteView.h */,
				6CB7890C26A1F85500179DB6 /* PaletteView.m */,
			);
			path = PaletteView;
			sourceTree = "<group>";
		};
		6CD354F926A4103100F78A8C /* ButtonPalette */ = {
			isa = PBXGroup;
			children = (
				6CB7891526A3335100179DB6 /* ButtonPalette.h */,
				6CB7891626A3335100179DB6 /* ButtonPalette.m */,
			);
			path = ButtonPalette;
			sourceTree = "<group>";
		};
		6CD3550726A599D400F78A8C /* UIBezierPath_DrawingStuff */ = {
			isa = PBXGroup;
			children = (
				6CB788E826A1CAA400179DB6 /* UIBezierPath+DrawingStuff.h */,
				6CB788E926A1CAA400179DB6 /* UIBezierPath+DrawingStuff.m */,
			);
			path = UIBezierPath_DrawingStuff;
			sourceTree = "<group>";
		};
/* End PBXGroup section */

/* Begin PBXNativeTarget section */
		6C2C9F3A26A0A313007B6BCF /* RSSchool_T8 */ = {
			isa = PBXNativeTarget;
			buildConfigurationList = 6C2C9F5426A0A31A007B6BCF /* Build configuration list for PBXNativeTarget "RSSchool_T8" */;
			buildPhases = (
				6C2C9F3726A0A313007B6BCF /* Sources */,
				6C2C9F3826A0A313007B6BCF /* Frameworks */,
				6C2C9F3926A0A313007B6BCF /* Resources */,
			);
			buildRules = (
			);
			dependencies = (
			);
			name = RSSchool_T8;
			productName = RSSchool_T8;
			productReference = 6C2C9F3B26A0A313007B6BCF /* RSSchool_T8.app */;
			productType = "com.apple.product-type.application";
		};
/* End PBXNativeTarget section */

/* Begin PBXProject section */
		6C2C9F3326A0A313007B6BCF /* Project object */ = {
			isa = PBXProject;
			attributes = {
				LastUpgradeCheck = 1250;
				TargetAttributes = {
					6C2C9F3A26A0A313007B6BCF = {
						CreatedOnToolsVersion = 12.5;
						LastSwiftMigration = 1250;
					};
				};
			};
			buildConfigurationList = 6C2C9F3626A0A313007B6BCF /* Build configuration list for PBXProject "RSSchool_T8" */;
			compatibilityVersion = "Xcode 9.3";
			developmentRegion = en;
			hasScannedForEncodings = 0;
			knownRegions = (
				en,
				Base,
			);
			mainGroup = 6C2C9F3226A0A313007B6BCF;
			productRefGroup = 6C2C9F3C26A0A313007B6BCF /* Products */;
			projectDirPath = "";
			projectRoot = "";
			targets = (
				6C2C9F3A26A0A313007B6BCF /* RSSchool_T8 */,
			);
		};
/* End PBXProject section */

/* Begin PBXResourcesBuildPhase section */
		6C2C9F3926A0A313007B6BCF /* Resources */ = {
			isa = PBXResourcesBuildPhase;
			buildActionMask = 2147483647;
			files = (
				6C2C9F4E26A0A31A007B6BCF /* LaunchScreen.storyboard in Resources */,
				6C2C9F4B26A0A31A007B6BCF /* Assets.xcassets in Resources */,
				6C2C9F8826A0D978007B6BCF /* Montserrat-Medium.ttf in Resources */,
				6C2C9F8926A0D978007B6BCF /* Montserrat-Regular.ttf in Resources */,
				6C2C9F4926A0A314007B6BCF /* Main.storyboard in Resources */,
			);
			runOnlyForDeploymentPostprocessing = 0;
		};
/* End PBXResourcesBuildPhase section */

/* Begin PBXSourcesBuildPhase section */
		6C2C9F3726A0A313007B6BCF /* Sources */ = {
			isa = PBXSourcesBuildPhase;
			buildActionMask = 2147483647;
			files = (
				6C2C9F4026A0A314007B6BCF /* AppDelegate.m in Sources */,
				6C2C9F5126A0A31A007B6BCF /* main.m in Sources */,
				6CB7890D26A1F85500179DB6 /* PaletteView.m in Sources */,
				6CB788BF26A1B97100179DB6 /* CanvasView.m in Sources */,
				6C2C9F5A26A0B168007B6BCF /* DrawingVC.swift in Sources */,
				6C2C9F5D26A0B2F2007B6BCF /* NavigationController.m in Sources */,
				6CD354FD26A467B500F78A8C /* MySlider.swift in Sources */,
				6C2C9F6026A0B634007B6BCF /* ArtistViewController.m in Sources */,
				6CD354FF26A4693F00F78A8C /* LabelTimerView.swift in Sources */,
				6CB7891726A3335100179DB6 /* ButtonPalette.m in Sources */,
				6CB788EA26A1CAA400179DB6 /* UIBezierPath+DrawingStuff.m in Sources */,
				6CD354F626A4100100F78A8C /* TimerView.swift in Sources */,
				6CB7891226A3088C00179DB6 /* MyButton.m in Sources */,
			);
			runOnlyForDeploymentPostprocessing = 0;
		};
/* End PBXSourcesBuildPhase section */

/* Begin PBXVariantGroup section */
		6C2C9F4726A0A314007B6BCF /* Main.storyboard */ = {
			isa = PBXVariantGroup;
			children = (
				6C2C9F4826A0A314007B6BCF /* Base */,
			);
			name = Main.storyboard;
			sourceTree = "<group>";
			usesTabs = 0;
		};
		6C2C9F4C26A0A31A007B6BCF /* LaunchScreen.storyboard */ = {
			isa = PBXVariantGroup;
			children = (
				6C2C9F4D26A0A31A007B6BCF /* Base */,
			);
			name = LaunchScreen.storyboard;
			sourceTree = "<group>";
		};
/* End PBXVariantGroup section */

/* Begin XCBuildConfiguration section */
		6C2C9F5226A0A31A007B6BCF /* Debug */ = {
			isa = XCBuildConfiguration;
			buildSettings = {
				ALWAYS_SEARCH_USER_PATHS = NO;
				CLANG_ANALYZER_NONNULL = YES;
				CLANG_ANALYZER_NUMBER_OBJECT_CONVERSION = YES_AGGRESSIVE;
				CLANG_CXX_LANGUAGE_STANDARD = "gnu++14";
				CLANG_CXX_LIBRARY = "libc++";
				CLANG_ENABLE_MODULES = YES;
				CLANG_ENABLE_OBJC_ARC = YES;
				CLANG_ENABLE_OBJC_WEAK = YES;
				CLANG_WARN_BLOCK_CAPTURE_AUTORELEASING = YES;
				CLANG_WARN_BOOL_CONVERSION = YES;
				CLANG_WARN_COMMA = YES;
				CLANG_WARN_CONSTANT_CONVERSION = YES;
				CLANG_WARN_DEPRECATED_OBJC_IMPLEMENTATIONS = YES;
				CLANG_WARN_DIRECT_OBJC_ISA_USAGE = YES_ERROR;
				CLANG_WARN_DOCUMENTATION_COMMENTS = YES;
				CLANG_WARN_EMPTY_BODY = YES;
				CLANG_WARN_ENUM_CONVERSION = YES;
				CLANG_WARN_INFINITE_RECURSION = YES;
				CLANG_WARN_INT_CONVERSION = YES;
				CLANG_WARN_NON_LITERAL_NULL_CONVERSION = YES;
				CLANG_WARN_OBJC_IMPLICIT_RETAIN_SELF = YES;
				CLANG_WARN_OBJC_LITERAL_CONVERSION = YES;
				CLANG_WARN_OBJC_ROOT_CLASS = YES_ERROR;
				CLANG_WARN_QUOTED_INCLUDE_IN_FRAMEWORK_HEADER = YES;
				CLANG_WARN_RANGE_LOOP_ANALYSIS = YES;
				CLANG_WARN_STRICT_PROTOTYPES = YES;
				CLANG_WARN_SUSPICIOUS_MOVE = YES;
				CLANG_WARN_UNGUARDED_AVAILABILITY = YES_AGGRESSIVE;
				CLANG_WARN_UNREACHABLE_CODE = YES;
				CLANG_WARN__DUPLICATE_METHOD_MATCH = YES;
				COPY_PHASE_STRIP = NO;
				DEBUG_INFORMATION_FORMAT = dwarf;
				DEFINES_MODULE = YES;
				ENABLE_STRICT_OBJC_MSGSEND = YES;
				ENABLE_TESTABILITY = YES;
				GCC_C_LANGUAGE_STANDARD = gnu11;
				GCC_DYNAMIC_NO_PIC = NO;
				GCC_NO_COMMON_BLOCKS = YES;
				GCC_OPTIMIZATION_LEVEL = 0;
				GCC_PREPROCESSOR_DEFINITIONS = (
					"DEBUG=1",
					"$(inherited)",
				);
				GCC_WARN_64_TO_32_BIT_CONVERSION = YES;
				GCC_WARN_ABOUT_RETURN_TYPE = YES_ERROR;
				GCC_WARN_UNDECLARED_SELECTOR = YES;
				GCC_WARN_UNINITIALIZED_AUTOS = YES_AGGRESSIVE;
				GCC_WARN_UNUSED_FUNCTION = YES;
				GCC_WARN_UNUSED_VARIABLE = YES;
				IPHONEOS_DEPLOYMENT_TARGET = 12.1;
				MTL_ENABLE_DEBUG_INFO = INCLUDE_SOURCE;
				MTL_FAST_MATH = YES;
				ONLY_ACTIVE_ARCH = YES;
				PRODUCT_MODULE_NAME = RSSchool_T8;
				SDKROOT = iphoneos;
				SWIFT_OBJC_BRIDGING_HEADER = "RSSchool_T8/RSSchool_T8-Bridging-Header.h";
			};
			name = Debug;
		};
		6C2C9F5326A0A31A007B6BCF /* Release */ = {
			isa = XCBuildConfiguration;
			buildSettings = {
				ALWAYS_SEARCH_USER_PATHS = NO;
				CLANG_ANALYZER_NONNULL = YES;
				CLANG_ANALYZER_NUMBER_OBJECT_CONVERSION = YES_AGGRESSIVE;
				CLANG_CXX_LANGUAGE_STANDARD = "gnu++14";
				CLANG_CXX_LIBRARY = "libc++";
				CLANG_ENABLE_MODULES = YES;
				CLANG_ENABLE_OBJC_ARC = YES;
				CLANG_ENABLE_OBJC_WEAK = YES;
				CLANG_WARN_BLOCK_CAPTURE_AUTORELEASING = YES;
				CLANG_WARN_BOOL_CONVERSION = YES;
				CLANG_WARN_COMMA = YES;
				CLANG_WARN_CONSTANT_CONVERSION = YES;
				CLANG_WARN_DEPRECATED_OBJC_IMPLEMENTATIONS = YES;
				CLANG_WARN_DIRECT_OBJC_ISA_USAGE = YES_ERROR;
				CLANG_WARN_DOCUMENTATION_COMMENTS = YES;
				CLANG_WARN_EMPTY_BODY = YES;
				CLANG_WARN_ENUM_CONVERSION = YES;
				CLANG_WARN_INFINITE_RECURSION = YES;
				CLANG_WARN_INT_CONVERSION = YES;
				CLANG_WARN_NON_LITERAL_NULL_CONVERSION = YES;
				CLANG_WARN_OBJC_IMPLICIT_RETAIN_SELF = YES;
				CLANG_WARN_OBJC_LITERAL_CONVERSION = YES;
				CLANG_WARN_OBJC_ROOT_CLASS = YES_ERROR;
				CLANG_WARN_QUOTED_INCLUDE_IN_FRAMEWORK_HEADER = YES;
				CLANG_WARN_RANGE_LOOP_ANALYSIS = YES;
				CLANG_WARN_STRICT_PROTOTYPES = YES;
				CLANG_WARN_SUSPICIOUS_MOVE = YES;
				CLANG_WARN_UNGUARDED_AVAILABILITY = YES_AGGRESSIVE;
				CLANG_WARN_UNREACHABLE_CODE = YES;
				CLANG_WARN__DUPLICATE_METHOD_MATCH = YES;
				COPY_PHASE_STRIP = NO;
				DEBUG_INFORMATION_FORMAT = "dwarf-with-dsym";
				DEFINES_MODULE = YES;
				ENABLE_NS_ASSERTIONS = NO;
				ENABLE_STRICT_OBJC_MSGSEND = YES;
				GCC_C_LANGUAGE_STANDARD = gnu11;
				GCC_NO_COMMON_BLOCKS = YES;
				GCC_WARN_64_TO_32_BIT_CONVERSION = YES;
				GCC_WARN_ABOUT_RETURN_TYPE = YES_ERROR;
				GCC_WARN_UNDECLARED_SELECTOR = YES;
				GCC_WARN_UNINITIALIZED_AUTOS = YES_AGGRESSIVE;
				GCC_WARN_UNUSED_FUNCTION = YES;
				GCC_WARN_UNUSED_VARIABLE = YES;
				IPHONEOS_DEPLOYMENT_TARGET = 12.1;
				MTL_ENABLE_DEBUG_INFO = NO;
				MTL_FAST_MATH = YES;
				PRODUCT_MODULE_NAME = RSSchool_T8;
				SDKROOT = iphoneos;
				SWIFT_OBJC_BRIDGING_HEADER = "RSSchool_T8/RSSchool_T8-Bridging-Header.h";
				VALIDATE_PRODUCT = YES;
			};
			name = Release;
		};
		6C2C9F5526A0A31A007B6BCF /* Debug */ = {
			isa = XCBuildConfiguration;
			buildSettings = {
				ASSETCATALOG_COMPILER_APPICON_NAME = AppIcon;
				ASSETCATALOG_COMPILER_GLOBAL_ACCENT_COLOR_NAME = AccentColor;
				CLANG_ENABLE_MODULES = YES;
				CODE_SIGN_STYLE = Automatic;
				DEVELOPMENT_TEAM = H667QRM4K6;
				INFOPLIST_FILE = RSSchool_T8/Info.plist;
				IPHONEOS_DEPLOYMENT_TARGET = 12.1;
				LD_RUNPATH_SEARCH_PATHS = (
					"$(inherited)",
					"@executable_path/Frameworks",
				);
				PRODUCT_BUNDLE_IDENTIFIER = "PoliubinEE.RSSchool-T8";
				PRODUCT_NAME = "$(TARGET_NAME)";
				SWIFT_OBJC_BRIDGING_HEADER = "RSSchool_T8/Other/RSSchool_T8-Bridging-Header.h";
				SWIFT_OPTIMIZATION_LEVEL = "-Onone";
				SWIFT_VERSION = 5.0;
				TARGETED_DEVICE_FAMILY = 1;
			};
			name = Debug;
		};
		6C2C9F5626A0A31A007B6BCF /* Release */ = {
			isa = XCBuildConfiguration;
			buildSettings = {
				ASSETCATALOG_COMPILER_APPICON_NAME = AppIcon;
				ASSETCATALOG_COMPILER_GLOBAL_ACCENT_COLOR_NAME = AccentColor;
				CLANG_ENABLE_MODULES = YES;
				CODE_SIGN_STYLE = Automatic;
				DEVELOPMENT_TEAM = H667QRM4K6;
				INFOPLIST_FILE = RSSchool_T8/Info.plist;
				IPHONEOS_DEPLOYMENT_TARGET = 12.1;
				LD_RUNPATH_SEARCH_PATHS = (
					"$(inherited)",
					"@executable_path/Frameworks",
				);
				PRODUCT_BUNDLE_IDENTIFIER = "PoliubinEE.RSSchool-T8";
				PRODUCT_NAME = "$(TARGET_NAME)";
				SWIFT_OBJC_BRIDGING_HEADER = "RSSchool_T8/Other/RSSchool_T8-Bridging-Header.h";
				SWIFT_VERSION = 5.0;
				TARGETED_DEVICE_FAMILY = 1;
			};
			name = Release;
		};
/* End XCBuildConfiguration section */

/* Begin XCConfigurationList section */
		6C2C9F3626A0A313007B6BCF /* Build configuration list for PBXProject "RSSchool_T8" */ = {
			isa = XCConfigurationList;
			buildConfigurations = (
				6C2C9F5226A0A31A007B6BCF /* Debug */,
				6C2C9F5326A0A31A007B6BCF /* Release */,
			);
			defaultConfigurationIsVisible = 0;
			defaultConfigurationName = Release;
		};
		6C2C9F5426A0A31A007B6BCF /* Build configuration list for PBXNativeTarget "RSSchool_T8" */ = {
			isa = XCConfigurationList;
			buildConfigurations = (
				6C2C9F5526A0A31A007B6BCF /* Debug */,
				6C2C9F5626A0A31A007B6BCF /* Release */,
			);
			defaultConfigurationIsVisible = 0;
			defaultConfigurationName = Release;
		};
/* End XCConfigurationList section */
	};
	rootObject = 6C2C9F3326A0A313007B6BCF /* Project object */;
}
